# THIS IS AN AUTOGENERATED FILE. DO NOT EDIT THIS FILE DIRECTLY.
# yarn lockfile v1


typescript@3.7.5:
  version "3.7.5"
  resolved "https://registry.yarnpkg.com/typescript/-/typescript-3.7.5.tgz#0692e21f65fd4108b9330238aac11dd2e177a1ae"
  integrity sha512-/P5lkRXkWHNAbcJIiHPfRoKqyd7bsyCma1hZNUGfn20qm64T6ZBlrzprymeu918H+mB/0rIg2gGK/BXkhhYgBw==

xstate@4.7.8:
  version "4.7.8"
  resolved "https://registry.yarnpkg.com/xstate/-/xstate-4.7.8.tgz#a12ae521b105711b06cf95ab2652c1640d75d62d"
  integrity sha512-pRCBefTPvQRJWpvFi9xP4PkgozqpppKjC4xM1WjeFWxIroV1b7Jch4tnky30ZO4ywpVyn8bQMNRIC+5tuTfEKQ==
